// !$*UTF8*$!
{
	archiveVersion = 1;
	classes = {
	};
	objectVersion = 46;
	objects = {

/* Begin PBXBuildFile section */
		040647EA1E18A002003E480F /* AppDelegate.swift in Sources */ = {isa = PBXBuildFile; fileRef = 040647E91E18A002003E480F /* AppDelegate.swift */; };
		040647EF1E18A002003E480F /* Main.storyboard in Resources */ = {isa = PBXBuildFile; fileRef = 040647ED1E18A002003E480F /* Main.storyboard */; };
		040647F21E18A002003E480F /* HackCWRU.xcdatamodeld in Sources */ = {isa = PBXBuildFile; fileRef = 040647F01E18A002003E480F /* HackCWRU.xcdatamodeld */; };
		040647F41E18A002003E480F /* Assets.xcassets in Resources */ = {isa = PBXBuildFile; fileRef = 040647F31E18A002003E480F /* Assets.xcassets */; };
		040647F71E18A002003E480F /* LaunchScreen.storyboard in Resources */ = {isa = PBXBuildFile; fileRef = 040647F51E18A002003E480F /* LaunchScreen.storyboard */; };
		040648021E18A002003E480F /* HackCWRUTests.swift in Sources */ = {isa = PBXBuildFile; fileRef = 040648011E18A002003E480F /* HackCWRUTests.swift */; };
		0406480D1E18A002003E480F /* HackCWRUUITests.swift in Sources */ = {isa = PBXBuildFile; fileRef = 0406480C1E18A002003E480F /* HackCWRUUITests.swift */; };
		0495C2D71E1B0ED0003C8CE7 /* API.swift in Sources */ = {isa = PBXBuildFile; fileRef = 0495C2D61E1B0ED0003C8CE7 /* API.swift */; };
		0495C2D91E1B11FA003C8CE7 /* APIKeys.swift in Sources */ = {isa = PBXBuildFile; fileRef = 0495C2D81E1B11FA003C8CE7 /* APIKeys.swift */; };
		0495C2DF1E1B1D04003C8CE7 /* ManagedObject.swift in Sources */ = {isa = PBXBuildFile; fileRef = 0495C2DE1E1B1D04003C8CE7 /* ManagedObject.swift */; };
		0495C2E11E1B1D6E003C8CE7 /* Event.swift in Sources */ = {isa = PBXBuildFile; fileRef = 0495C2E01E1B1D6E003C8CE7 /* Event.swift */; };
		049D30F71E1C44D8007DE948 /* ScheduleTableViewController.swift in Sources */ = {isa = PBXBuildFile; fileRef = 049D30F61E1C44D8007DE948 /* ScheduleTableViewController.swift */; };
		049D30F91E1D9FDD007DE948 /* Validatable.swift in Sources */ = {isa = PBXBuildFile; fileRef = 049D30F81E1D9FDD007DE948 /* Validatable.swift */; };
		049D30FB1E1DB99F007DE948 /* EventDetailViewController.swift in Sources */ = {isa = PBXBuildFile; fileRef = 049D30FA1E1DB99F007DE948 /* EventDetailViewController.swift */; };
		04B218981E9AA2F400FBB7E9 /* UTCDate.swift in Sources */ = {isa = PBXBuildFile; fileRef = 04B218971E9AA2F400FBB7E9 /* UTCDate.swift */; };
		04B2189A1E9AB39100FBB7E9 /* MentorRequest.swift in Sources */ = {isa = PBXBuildFile; fileRef = 04B218991E9AB39100FBB7E9 /* MentorRequest.swift */; };
		04B2189E1E9AB8F500FBB7E9 /* HackCWRUDefaults.swift in Sources */ = {isa = PBXBuildFile; fileRef = 04B2189D1E9AB8F500FBB7E9 /* HackCWRUDefaults.swift */; };
		04B218A21E9AC44C00FBB7E9 /* MentorRequestsTableViewController.swift in Sources */ = {isa = PBXBuildFile; fileRef = 04B218A11E9AC44C00FBB7E9 /* MentorRequestsTableViewController.swift */; };
		04B218A41E9AC7A100FBB7E9 /* DateExtensions.swift in Sources */ = {isa = PBXBuildFile; fileRef = 04B218A31E9AC7A100FBB7E9 /* DateExtensions.swift */; };
		04B218A61E9ACEBD00FBB7E9 /* ArrayExtensions.swift in Sources */ = {isa = PBXBuildFile; fileRef = 04B218A51E9ACEBD00FBB7E9 /* ArrayExtensions.swift */; };
		04C5F82D1E1EB467007F704D /* EventNameCell.swift in Sources */ = {isa = PBXBuildFile; fileRef = 04C5F82C1E1EB467007F704D /* EventNameCell.swift */; };
		04C5F82F1E1EB89E007F704D /* EventDescriptionCell.swift in Sources */ = {isa = PBXBuildFile; fileRef = 04C5F82E1E1EB89E007F704D /* EventDescriptionCell.swift */; };
		04C5F8311E1EBBCE007F704D /* EventTimeLocationCellCell.swift in Sources */ = {isa = PBXBuildFile; fileRef = 04C5F8301E1EBBCE007F704D /* EventTimeLocationCellCell.swift */; };
		04C5F8331E1EC7FA007F704D /* TabBar.xcassets in Resources */ = {isa = PBXBuildFile; fileRef = 04C5F8321E1EC7FA007F704D /* TabBar.xcassets */; };
		04C5F8351E1ECA27007F704D /* NavBar.xcassets in Resources */ = {isa = PBXBuildFile; fileRef = 04C5F8341E1ECA27007F704D /* NavBar.xcassets */; };
		04C5F8381E1FFDE4007F704D /* Colors.swift in Sources */ = {isa = PBXBuildFile; fileRef = 04C5F8371E1FFDE4007F704D /* Colors.swift */; };
		04C5F83A1E201531007F704D /* Announcement.swift in Sources */ = {isa = PBXBuildFile; fileRef = 04C5F8391E201531007F704D /* Announcement.swift */; };
		04C5F83C1E201710007F704D /* AnnouncementsTableViewController.swift in Sources */ = {isa = PBXBuildFile; fileRef = 04C5F83B1E201710007F704D /* AnnouncementsTableViewController.swift */; };
		04C5F83E1E203E7B007F704D /* EventCell.swift in Sources */ = {isa = PBXBuildFile; fileRef = 04C5F83D1E203E7B007F704D /* EventCell.swift */; };
		04C5F8401E204474007F704D /* AnnouncementCell.swift in Sources */ = {isa = PBXBuildFile; fileRef = 04C5F83F1E204474007F704D /* AnnouncementCell.swift */; };
		04C5F8431E205441007F704D /* TableViewControllerExtension.swift in Sources */ = {isa = PBXBuildFile; fileRef = 04C5F8421E205441007F704D /* TableViewControllerExtension.swift */; };
		04D553671E9318A60081C648 /* Map.swift in Sources */ = {isa = PBXBuildFile; fileRef = 04D553661E9318A60081C648 /* Map.swift */; };
		04D553691E931C8C0081C648 /* MapImageCell.swift in Sources */ = {isa = PBXBuildFile; fileRef = 04D553681E931C8C0081C648 /* MapImageCell.swift */; };
		166353EAA94125AB4926A303 /* Pods_HackCWRUTests.framework in Frameworks */ = {isa = PBXBuildFile; fileRef = F203A84FEEED16D20E0AAC13 /* Pods_HackCWRUTests.framework */; };
		6321D6EECEC7C42A8117394E /* Pods_HackCWRU.framework in Frameworks */ = {isa = PBXBuildFile; fileRef = F74ACFED504A4D4C3040C4A6 /* Pods_HackCWRU.framework */; };
		F1B56062E9534EB1E0B0C3C6 /* Pods_HackCWRUUITests.framework in Frameworks */ = {isa = PBXBuildFile; fileRef = 159F7407C07B7D548FD6A930 /* Pods_HackCWRUUITests.framework */; };
/* End PBXBuildFile section */

/* Begin PBXContainerItemProxy section */
		040647FE1E18A002003E480F /* PBXContainerItemProxy */ = {
			isa = PBXContainerItemProxy;
			containerPortal = 040647DE1E18A002003E480F /* Project object */;
			proxyType = 1;
			remoteGlobalIDString = 040647E51E18A002003E480F;
			remoteInfo = HackCWRU;
		};
		040648091E18A002003E480F /* PBXContainerItemProxy */ = {
			isa = PBXContainerItemProxy;
			containerPortal = 040647DE1E18A002003E480F /* Project object */;
			proxyType = 1;
			remoteGlobalIDString = 040647E51E18A002003E480F;
			remoteInfo = HackCWRU;
		};
/* End PBXContainerItemProxy section */

/* Begin PBXFileReference section */
		040647E61E18A002003E480F /* HackCWRU.app */ = {isa = PBXFileReference; explicitFileType = wrapper.application; includeInIndex = 0; path = HackCWRU.app; sourceTree = BUILT_PRODUCTS_DIR; };
		040647E91E18A002003E480F /* AppDelegate.swift */ = {isa = PBXFileReference; lastKnownFileType = sourcecode.swift; path = AppDelegate.swift; sourceTree = "<group>"; };
		040647EE1E18A002003E480F /* Base */ = {isa = PBXFileReference; lastKnownFileType = file.storyboard; name = Base; path = Base.lproj/Main.storyboard; sourceTree = "<group>"; };
		040647F11E18A002003E480F /* HackCWRU.xcdatamodel */ = {isa = PBXFileReference; lastKnownFileType = wrapper.xcdatamodel; path = HackCWRU.xcdatamodel; sourceTree = "<group>"; };
		040647F31E18A002003E480F /* Assets.xcassets */ = {isa = PBXFileReference; lastKnownFileType = folder.assetcatalog; path = Assets.xcassets; sourceTree = "<group>"; };
		040647F61E18A002003E480F /* Base */ = {isa = PBXFileReference; lastKnownFileType = file.storyboard; name = Base; path = Base.lproj/LaunchScreen.storyboard; sourceTree = "<group>"; };
		040647F81E18A002003E480F /* Info.plist */ = {isa = PBXFileReference; lastKnownFileType = text.plist.xml; path = Info.plist; sourceTree = "<group>"; };
		040647FD1E18A002003E480F /* HackCWRUTests.xctest */ = {isa = PBXFileReference; explicitFileType = wrapper.cfbundle; includeInIndex = 0; path = HackCWRUTests.xctest; sourceTree = BUILT_PRODUCTS_DIR; };
		040648011E18A002003E480F /* HackCWRUTests.swift */ = {isa = PBXFileReference; lastKnownFileType = sourcecode.swift; path = HackCWRUTests.swift; sourceTree = "<group>"; };
		040648031E18A002003E480F /* Info.plist */ = {isa = PBXFileReference; lastKnownFileType = text.plist.xml; path = Info.plist; sourceTree = "<group>"; };
		040648081E18A002003E480F /* HackCWRUUITests.xctest */ = {isa = PBXFileReference; explicitFileType = wrapper.cfbundle; includeInIndex = 0; path = HackCWRUUITests.xctest; sourceTree = BUILT_PRODUCTS_DIR; };
		0406480C1E18A002003E480F /* HackCWRUUITests.swift */ = {isa = PBXFileReference; lastKnownFileType = sourcecode.swift; path = HackCWRUUITests.swift; sourceTree = "<group>"; };
		0406480E1E18A002003E480F /* Info.plist */ = {isa = PBXFileReference; lastKnownFileType = text.plist.xml; path = Info.plist; sourceTree = "<group>"; };
		045B84341E18A9F700A7717A /* HackCWRU.entitlements */ = {isa = PBXFileReference; lastKnownFileType = text.plist.entitlements; path = HackCWRU.entitlements; sourceTree = "<group>"; };
		0495C2D61E1B0ED0003C8CE7 /* API.swift */ = {isa = PBXFileReference; fileEncoding = 4; lastKnownFileType = sourcecode.swift; path = API.swift; sourceTree = "<group>"; };
		0495C2D81E1B11FA003C8CE7 /* APIKeys.swift */ = {isa = PBXFileReference; fileEncoding = 4; lastKnownFileType = sourcecode.swift; path = APIKeys.swift; sourceTree = "<group>"; };
		0495C2DE1E1B1D04003C8CE7 /* ManagedObject.swift */ = {isa = PBXFileReference; fileEncoding = 4; lastKnownFileType = sourcecode.swift; path = ManagedObject.swift; sourceTree = "<group>"; };
		0495C2E01E1B1D6E003C8CE7 /* Event.swift */ = {isa = PBXFileReference; fileEncoding = 4; lastKnownFileType = sourcecode.swift; path = Event.swift; sourceTree = "<group>"; };
		049D30F61E1C44D8007DE948 /* ScheduleTableViewController.swift */ = {isa = PBXFileReference; fileEncoding = 4; lastKnownFileType = sourcecode.swift; path = ScheduleTableViewController.swift; sourceTree = "<group>"; };
		049D30F81E1D9FDD007DE948 /* Validatable.swift */ = {isa = PBXFileReference; fileEncoding = 4; lastKnownFileType = sourcecode.swift; path = Validatable.swift; sourceTree = "<group>"; };
		049D30FA1E1DB99F007DE948 /* EventDetailViewController.swift */ = {isa = PBXFileReference; fileEncoding = 4; lastKnownFileType = sourcecode.swift; path = EventDetailViewController.swift; sourceTree = "<group>"; };
		04B218971E9AA2F400FBB7E9 /* UTCDate.swift */ = {isa = PBXFileReference; fileEncoding = 4; lastKnownFileType = sourcecode.swift; path = UTCDate.swift; sourceTree = "<group>"; };
		04B218991E9AB39100FBB7E9 /* MentorRequest.swift */ = {isa = PBXFileReference; fileEncoding = 4; lastKnownFileType = sourcecode.swift; path = MentorRequest.swift; sourceTree = "<group>"; };
		04B2189D1E9AB8F500FBB7E9 /* HackCWRUDefaults.swift */ = {isa = PBXFileReference; fileEncoding = 4; lastKnownFileType = sourcecode.swift; path = HackCWRUDefaults.swift; sourceTree = "<group>"; };
		04B218A11E9AC44C00FBB7E9 /* MentorRequestsTableViewController.swift */ = {isa = PBXFileReference; fileEncoding = 4; lastKnownFileType = sourcecode.swift; path = MentorRequestsTableViewController.swift; sourceTree = "<group>"; };
		04B218A31E9AC7A100FBB7E9 /* DateExtensions.swift */ = {isa = PBXFileReference; fileEncoding = 4; lastKnownFileType = sourcecode.swift; path = DateExtensions.swift; sourceTree = "<group>"; };
		04B218A51E9ACEBD00FBB7E9 /* ArrayExtensions.swift */ = {isa = PBXFileReference; fileEncoding = 4; lastKnownFileType = sourcecode.swift; path = ArrayExtensions.swift; sourceTree = "<group>"; };
		04C5F82C1E1EB467007F704D /* EventNameCell.swift */ = {isa = PBXFileReference; fileEncoding = 4; lastKnownFileType = sourcecode.swift; path = EventNameCell.swift; sourceTree = "<group>"; };
		04C5F82E1E1EB89E007F704D /* EventDescriptionCell.swift */ = {isa = PBXFileReference; fileEncoding = 4; lastKnownFileType = sourcecode.swift; path = EventDescriptionCell.swift; sourceTree = "<group>"; };
		04C5F8301E1EBBCE007F704D /* EventTimeLocationCellCell.swift */ = {isa = PBXFileReference; fileEncoding = 4; lastKnownFileType = sourcecode.swift; path = EventTimeLocationCellCell.swift; sourceTree = "<group>"; };
		04C5F8321E1EC7FA007F704D /* TabBar.xcassets */ = {isa = PBXFileReference; lastKnownFileType = folder.assetcatalog; path = TabBar.xcassets; sourceTree = "<group>"; };
		04C5F8341E1ECA27007F704D /* NavBar.xcassets */ = {isa = PBXFileReference; lastKnownFileType = folder.assetcatalog; path = NavBar.xcassets; sourceTree = "<group>"; };
		04C5F8371E1FFDE4007F704D /* Colors.swift */ = {isa = PBXFileReference; fileEncoding = 4; lastKnownFileType = sourcecode.swift; path = Colors.swift; sourceTree = "<group>"; };
		04C5F8391E201531007F704D /* Announcement.swift */ = {isa = PBXFileReference; fileEncoding = 4; lastKnownFileType = sourcecode.swift; path = Announcement.swift; sourceTree = "<group>"; };
		04C5F83B1E201710007F704D /* AnnouncementsTableViewController.swift */ = {isa = PBXFileReference; fileEncoding = 4; lastKnownFileType = sourcecode.swift; path = AnnouncementsTableViewController.swift; sourceTree = "<group>"; };
		04C5F83D1E203E7B007F704D /* EventCell.swift */ = {isa = PBXFileReference; fileEncoding = 4; lastKnownFileType = sourcecode.swift; path = EventCell.swift; sourceTree = "<group>"; };
		04C5F83F1E204474007F704D /* AnnouncementCell.swift */ = {isa = PBXFileReference; fileEncoding = 4; lastKnownFileType = sourcecode.swift; path = AnnouncementCell.swift; sourceTree = "<group>"; };
		04C5F8421E205441007F704D /* TableViewControllerExtension.swift */ = {isa = PBXFileReference; fileEncoding = 4; lastKnownFileType = sourcecode.swift; path = TableViewControllerExtension.swift; sourceTree = "<group>"; };
		04D553661E9318A60081C648 /* Map.swift */ = {isa = PBXFileReference; fileEncoding = 4; lastKnownFileType = sourcecode.swift; path = Map.swift; sourceTree = "<group>"; };
		04D553681E931C8C0081C648 /* MapImageCell.swift */ = {isa = PBXFileReference; fileEncoding = 4; lastKnownFileType = sourcecode.swift; path = MapImageCell.swift; sourceTree = "<group>"; };
		159F7407C07B7D548FD6A930 /* Pods_HackCWRUUITests.framework */ = {isa = PBXFileReference; explicitFileType = wrapper.framework; includeInIndex = 0; path = Pods_HackCWRUUITests.framework; sourceTree = BUILT_PRODUCTS_DIR; };
		60D4C483F8DC38BC820ACE05 /* Pods-HackCWRUUITests.debug.xcconfig */ = {isa = PBXFileReference; includeInIndex = 1; lastKnownFileType = text.xcconfig; name = "Pods-HackCWRUUITests.debug.xcconfig"; path = "Pods/Target Support Files/Pods-HackCWRUUITests/Pods-HackCWRUUITests.debug.xcconfig"; sourceTree = "<group>"; };
		69E43D2632AE1B6199E6F63A /* Pods-HackCWRU.debug.xcconfig */ = {isa = PBXFileReference; includeInIndex = 1; lastKnownFileType = text.xcconfig; name = "Pods-HackCWRU.debug.xcconfig"; path = "Pods/Target Support Files/Pods-HackCWRU/Pods-HackCWRU.debug.xcconfig"; sourceTree = "<group>"; };
		8648C5212254393C6562AB90 /* Pods-HackCWRUTests.release.xcconfig */ = {isa = PBXFileReference; includeInIndex = 1; lastKnownFileType = text.xcconfig; name = "Pods-HackCWRUTests.release.xcconfig"; path = "Pods/Target Support Files/Pods-HackCWRUTests/Pods-HackCWRUTests.release.xcconfig"; sourceTree = "<group>"; };
		8922C114322CA08278BE80FF /* Pods-HackCWRUUITests.release.xcconfig */ = {isa = PBXFileReference; includeInIndex = 1; lastKnownFileType = text.xcconfig; name = "Pods-HackCWRUUITests.release.xcconfig"; path = "Pods/Target Support Files/Pods-HackCWRUUITests/Pods-HackCWRUUITests.release.xcconfig"; sourceTree = "<group>"; };
		B64E9ED5646B89EFD2E06390 /* Pods-HackCWRUTests.debug.xcconfig */ = {isa = PBXFileReference; includeInIndex = 1; lastKnownFileType = text.xcconfig; name = "Pods-HackCWRUTests.debug.xcconfig"; path = "Pods/Target Support Files/Pods-HackCWRUTests/Pods-HackCWRUTests.debug.xcconfig"; sourceTree = "<group>"; };
		DA9AB86168590787A4CDC6B4 /* Pods-HackCWRU.release.xcconfig */ = {isa = PBXFileReference; includeInIndex = 1; lastKnownFileType = text.xcconfig; name = "Pods-HackCWRU.release.xcconfig"; path = "Pods/Target Support Files/Pods-HackCWRU/Pods-HackCWRU.release.xcconfig"; sourceTree = "<group>"; };
		F203A84FEEED16D20E0AAC13 /* Pods_HackCWRUTests.framework */ = {isa = PBXFileReference; explicitFileType = wrapper.framework; includeInIndex = 0; path = Pods_HackCWRUTests.framework; sourceTree = BUILT_PRODUCTS_DIR; };
		F74ACFED504A4D4C3040C4A6 /* Pods_HackCWRU.framework */ = {isa = PBXFileReference; explicitFileType = wrapper.framework; includeInIndex = 0; path = Pods_HackCWRU.framework; sourceTree = BUILT_PRODUCTS_DIR; };
/* End PBXFileReference section */

/* Begin PBXFrameworksBuildPhase section */
		040647E31E18A002003E480F /* Frameworks */ = {
			isa = PBXFrameworksBuildPhase;
			buildActionMask = 2147483647;
			files = (
				6321D6EECEC7C42A8117394E /* Pods_HackCWRU.framework in Frameworks */,
			);
			runOnlyForDeploymentPostprocessing = 0;
		};
		040647FA1E18A002003E480F /* Frameworks */ = {
			isa = PBXFrameworksBuildPhase;
			buildActionMask = 2147483647;
			files = (
				166353EAA94125AB4926A303 /* Pods_HackCWRUTests.framework in Frameworks */,
			);
			runOnlyForDeploymentPostprocessing = 0;
		};
		040648051E18A002003E480F /* Frameworks */ = {
			isa = PBXFrameworksBuildPhase;
			buildActionMask = 2147483647;
			files = (
				F1B56062E9534EB1E0B0C3C6 /* Pods_HackCWRUUITests.framework in Frameworks */,
			);
			runOnlyForDeploymentPostprocessing = 0;
		};
/* End PBXFrameworksBuildPhase section */

/* Begin PBXGroup section */
		040647DD1E18A002003E480F = {
			isa = PBXGroup;
			children = (
				040647E81E18A002003E480F /* HackCWRU */,
				040648001E18A002003E480F /* HackCWRUTests */,
				040647E71E18A002003E480F /* Products */,
				0406480B1E18A002003E480F /* HackCWRUUITests */,
				92726D171A92B0C07CE9FE47 /* Pods */,
				957BE2173A8DD03595BA40C4 /* Frameworks */,
			);
			sourceTree = "<group>";
		};
		040647E71E18A002003E480F /* Products */ = {
			isa = PBXGroup;
			children = (
				040647E61E18A002003E480F /* HackCWRU.app */,
				040647FD1E18A002003E480F /* HackCWRUTests.xctest */,
				040648081E18A002003E480F /* HackCWRUUITests.xctest */,
			);
			name = Products;
			sourceTree = "<group>";
		};
		040647E81E18A002003E480F /* HackCWRU */ = {
			isa = PBXGroup;
			children = (
				040647ED1E18A002003E480F /* Main.storyboard */,
				04B2189F1E9AB90300FBB7E9 /* Common */,
				0406481C1E18A018003E480F /* Models */,
				0406481B1E18A017003E480F /* Views */,
				0406481A1E18A016003E480F /* Controllers */,
				04C5F8411E20542B007F704D /* Protocols */,
				0406481D1E18A034003E480F /* Supporting */,
			);
			path = HackCWRU;
			sourceTree = "<group>";
		};
		040648001E18A002003E480F /* HackCWRUTests */ = {
			isa = PBXGroup;
			children = (
				040648011E18A002003E480F /* HackCWRUTests.swift */,
				040648031E18A002003E480F /* Info.plist */,
			);
			path = HackCWRUTests;
			sourceTree = "<group>";
		};
		0406480B1E18A002003E480F /* HackCWRUUITests */ = {
			isa = PBXGroup;
			children = (
				0406480C1E18A002003E480F /* HackCWRUUITests.swift */,
				0406480E1E18A002003E480F /* Info.plist */,
			);
			path = HackCWRUUITests;
			sourceTree = "<group>";
		};
		0406481A1E18A016003E480F /* Controllers */ = {
			isa = PBXGroup;
			children = (
				04C5F83B1E201710007F704D /* AnnouncementsTableViewController.swift */,
				049D30FA1E1DB99F007DE948 /* EventDetailViewController.swift */,
				049D30F61E1C44D8007DE948 /* ScheduleTableViewController.swift */,
				04B218A11E9AC44C00FBB7E9 /* MentorRequestsTableViewController.swift */,
			);
			name = Controllers;
			sourceTree = "<group>";
		};
		0406481B1E18A017003E480F /* Views */ = {
			isa = PBXGroup;
			children = (
				04C5F83F1E204474007F704D /* AnnouncementCell.swift */,
				04C5F82E1E1EB89E007F704D /* EventDescriptionCell.swift */,
				04C5F8301E1EBBCE007F704D /* EventTimeLocationCellCell.swift */,
				04C5F82C1E1EB467007F704D /* EventNameCell.swift */,
				04C5F83D1E203E7B007F704D /* EventCell.swift */,
				04D553681E931C8C0081C648 /* MapImageCell.swift */,
			);
			name = Views;
			sourceTree = "<group>";
		};
		0406481C1E18A018003E480F /* Models */ = {
			isa = PBXGroup;
			children = (
				040647F01E18A002003E480F /* HackCWRU.xcdatamodeld */,
				0495C2D61E1B0ED0003C8CE7 /* API.swift */,
				0495C2D81E1B11FA003C8CE7 /* APIKeys.swift */,
				04C5F8391E201531007F704D /* Announcement.swift */,
				0495C2E01E1B1D6E003C8CE7 /* Event.swift */,
				0495C2DE1E1B1D04003C8CE7 /* ManagedObject.swift */,
				04D553661E9318A60081C648 /* Map.swift */,
				04B218991E9AB39100FBB7E9 /* MentorRequest.swift */,
				04B218971E9AA2F400FBB7E9 /* UTCDate.swift */,
			);
			name = Models;
			sourceTree = "<group>";
		};
		0406481D1E18A034003E480F /* Supporting */ = {
			isa = PBXGroup;
			children = (
				045B84341E18A9F700A7717A /* HackCWRU.entitlements */,
				040647E91E18A002003E480F /* AppDelegate.swift */,
				040647F31E18A002003E480F /* Assets.xcassets */,
				04C5F8321E1EC7FA007F704D /* TabBar.xcassets */,
				04C5F8341E1ECA27007F704D /* NavBar.xcassets */,
				040647F51E18A002003E480F /* LaunchScreen.storyboard */,
				040647F81E18A002003E480F /* Info.plist */,
			);
			name = Supporting;
			sourceTree = "<group>";
		};
		04B2189F1E9AB90300FBB7E9 /* Common */ = {
			isa = PBXGroup;
			children = (
				04C5F8371E1FFDE4007F704D /* Colors.swift */,
				04B2189D1E9AB8F500FBB7E9 /* HackCWRUDefaults.swift */,
			);
			name = Common;
			sourceTree = "<group>";
		};
		04B218A01E9AB94800FBB7E9 /* Extensions */ = {
			isa = PBXGroup;
			children = (
				04B218A31E9AC7A100FBB7E9 /* DateExtensions.swift */,
				04B218A51E9ACEBD00FBB7E9 /* ArrayExtensions.swift */,
				04C5F8421E205441007F704D /* TableViewControllerExtension.swift */,
			);
			name = Extensions;
			sourceTree = "<group>";
		};
		04C5F8411E20542B007F704D /* Protocols */ = {
			isa = PBXGroup;
			children = (
				049D30F81E1D9FDD007DE948 /* Validatable.swift */,
				04B218A01E9AB94800FBB7E9 /* Extensions */,
			);
			name = Protocols;
			sourceTree = "<group>";
		};
		92726D171A92B0C07CE9FE47 /* Pods */ = {
			isa = PBXGroup;
			children = (
				69E43D2632AE1B6199E6F63A /* Pods-HackCWRU.debug.xcconfig */,
				DA9AB86168590787A4CDC6B4 /* Pods-HackCWRU.release.xcconfig */,
				B64E9ED5646B89EFD2E06390 /* Pods-HackCWRUTests.debug.xcconfig */,
				8648C5212254393C6562AB90 /* Pods-HackCWRUTests.release.xcconfig */,
				60D4C483F8DC38BC820ACE05 /* Pods-HackCWRUUITests.debug.xcconfig */,
				8922C114322CA08278BE80FF /* Pods-HackCWRUUITests.release.xcconfig */,
			);
			name = Pods;
			sourceTree = "<group>";
		};
		957BE2173A8DD03595BA40C4 /* Frameworks */ = {
			isa = PBXGroup;
			children = (
				F74ACFED504A4D4C3040C4A6 /* Pods_HackCWRU.framework */,
				F203A84FEEED16D20E0AAC13 /* Pods_HackCWRUTests.framework */,
				159F7407C07B7D548FD6A930 /* Pods_HackCWRUUITests.framework */,
			);
			name = Frameworks;
			sourceTree = "<group>";
		};
/* End PBXGroup section */

/* Begin PBXNativeTarget section */
		040647E51E18A002003E480F /* HackCWRU */ = {
			isa = PBXNativeTarget;
			buildConfigurationList = 040648111E18A002003E480F /* Build configuration list for PBXNativeTarget "HackCWRU" */;
			buildPhases = (
				C00F76BE7C63723D6A74538C /* [CP] Check Pods Manifest.lock */,
				040647E21E18A002003E480F /* Sources */,
				040647E31E18A002003E480F /* Frameworks */,
				040647E41E18A002003E480F /* Resources */,
				4514990308F82D5378C4A288 /* [CP] Embed Pods Frameworks */,
				CAD7CE0EF07BC0628C30F2B7 /* [CP] Copy Pods Resources */,
			);
			buildRules = (
			);
			dependencies = (
			);
			name = HackCWRU;
			productName = HackCWRU;
			productReference = 040647E61E18A002003E480F /* HackCWRU.app */;
			productType = "com.apple.product-type.application";
		};
		040647FC1E18A002003E480F /* HackCWRUTests */ = {
			isa = PBXNativeTarget;
			buildConfigurationList = 040648141E18A002003E480F /* Build configuration list for PBXNativeTarget "HackCWRUTests" */;
			buildPhases = (
				C6AFBB39135B60C149588C7A /* [CP] Check Pods Manifest.lock */,
				040647F91E18A002003E480F /* Sources */,
				040647FA1E18A002003E480F /* Frameworks */,
				040647FB1E18A002003E480F /* Resources */,
				3797A40E070B0A60A28B6736 /* [CP] Embed Pods Frameworks */,
				321FD6FD0AE9C3F785AF1EE7 /* [CP] Copy Pods Resources */,
			);
			buildRules = (
			);
			dependencies = (
				040647FF1E18A002003E480F /* PBXTargetDependency */,
			);
			name = HackCWRUTests;
			productName = HackCWRUTests;
			productReference = 040647FD1E18A002003E480F /* HackCWRUTests.xctest */;
			productType = "com.apple.product-type.bundle.unit-test";
		};
		040648071E18A002003E480F /* HackCWRUUITests */ = {
			isa = PBXNativeTarget;
			buildConfigurationList = 040648171E18A002003E480F /* Build configuration list for PBXNativeTarget "HackCWRUUITests" */;
			buildPhases = (
				AC0B542D17C3A39A329009DF /* [CP] Check Pods Manifest.lock */,
				040648041E18A002003E480F /* Sources */,
				040648051E18A002003E480F /* Frameworks */,
				040648061E18A002003E480F /* Resources */,
				B99C164822F4CA76E258CD3F /* [CP] Copy Pods Resources */,
				1C75170DC33E1C15832C77D2 /* [CP] Embed Pods Frameworks */,
			);
			buildRules = (
			);
			dependencies = (
				0406480A1E18A002003E480F /* PBXTargetDependency */,
			);
			name = HackCWRUUITests;
			productName = HackCWRUUITests;
			productReference = 040648081E18A002003E480F /* HackCWRUUITests.xctest */;
			productType = "com.apple.product-type.bundle.ui-testing";
		};
/* End PBXNativeTarget section */

/* Begin PBXProject section */
		040647DE1E18A002003E480F /* Project object */ = {
			isa = PBXProject;
			attributes = {
				LastSwiftUpdateCheck = 0820;
				LastUpgradeCheck = 0830;
				ORGANIZATIONNAME = "Hacker Society";
				TargetAttributes = {
					040647E51E18A002003E480F = {
						CreatedOnToolsVersion = 8.2.1;
						DevelopmentTeam = LVFKAL5KFM;
						ProvisioningStyle = Automatic;
						SystemCapabilities = {
							com.apple.Push = {
								enabled = 1;
							};
						};
					};
					040647FC1E18A002003E480F = {
						CreatedOnToolsVersion = 8.2.1;
						ProvisioningStyle = Automatic;
						TestTargetID = 040647E51E18A002003E480F;
					};
					040648071E18A002003E480F = {
						CreatedOnToolsVersion = 8.2.1;
						ProvisioningStyle = Automatic;
						TestTargetID = 040647E51E18A002003E480F;
					};
				};
			};
			buildConfigurationList = 040647E11E18A002003E480F /* Build configuration list for PBXProject "HackCWRU" */;
			compatibilityVersion = "Xcode 3.2";
			developmentRegion = English;
			hasScannedForEncodings = 0;
			knownRegions = (
				en,
				Base,
			);
			mainGroup = 040647DD1E18A002003E480F;
			productRefGroup = 040647E71E18A002003E480F /* Products */;
			projectDirPath = "";
			projectRoot = "";
			targets = (
				040647E51E18A002003E480F /* HackCWRU */,
				040647FC1E18A002003E480F /* HackCWRUTests */,
				040648071E18A002003E480F /* HackCWRUUITests */,
			);
		};
/* End PBXProject section */

/* Begin PBXResourcesBuildPhase section */
		040647E41E18A002003E480F /* Resources */ = {
			isa = PBXResourcesBuildPhase;
			buildActionMask = 2147483647;
			files = (
				040647F71E18A002003E480F /* LaunchScreen.storyboard in Resources */,
				040647F41E18A002003E480F /* Assets.xcassets in Resources */,
				04C5F8351E1ECA27007F704D /* NavBar.xcassets in Resources */,
				040647EF1E18A002003E480F /* Main.storyboard in Resources */,
				04C5F8331E1EC7FA007F704D /* TabBar.xcassets in Resources */,
			);
			runOnlyForDeploymentPostprocessing = 0;
		};
		040647FB1E18A002003E480F /* Resources */ = {
			isa = PBXResourcesBuildPhase;
			buildActionMask = 2147483647;
			files = (
			);
			runOnlyForDeploymentPostprocessing = 0;
		};
		040648061E18A002003E480F /* Resources */ = {
			isa = PBXResourcesBuildPhase;
			buildActionMask = 2147483647;
			files = (
			);
			runOnlyForDeploymentPostprocessing = 0;
		};
/* End PBXResourcesBuildPhase section */

/* Begin PBXShellScriptBuildPhase section */
		1C75170DC33E1C15832C77D2 /* [CP] Embed Pods Frameworks */ = {
			isa = PBXShellScriptBuildPhase;
			buildActionMask = 2147483647;
			files = (
			);
			inputPaths = (
			);
			name = "[CP] Embed Pods Frameworks";
			outputPaths = (
			);
			runOnlyForDeploymentPostprocessing = 0;
			shellPath = /bin/sh;
			shellScript = "\"${SRCROOT}/Pods/Target Support Files/Pods-HackCWRUUITests/Pods-HackCWRUUITests-frameworks.sh\"\n";
			showEnvVarsInLog = 0;
		};
		321FD6FD0AE9C3F785AF1EE7 /* [CP] Copy Pods Resources */ = {
			isa = PBXShellScriptBuildPhase;
			buildActionMask = 2147483647;
			files = (
			);
			inputPaths = (
			);
			name = "[CP] Copy Pods Resources";
			outputPaths = (
			);
			runOnlyForDeploymentPostprocessing = 0;
			shellPath = /bin/sh;
			shellScript = "\"${SRCROOT}/Pods/Target Support Files/Pods-HackCWRUTests/Pods-HackCWRUTests-resources.sh\"\n";
			showEnvVarsInLog = 0;
		};
		3797A40E070B0A60A28B6736 /* [CP] Embed Pods Frameworks */ = {
			isa = PBXShellScriptBuildPhase;
			buildActionMask = 2147483647;
			files = (
			);
			inputPaths = (
			);
			name = "[CP] Embed Pods Frameworks";
			outputPaths = (
			);
			runOnlyForDeploymentPostprocessing = 0;
			shellPath = /bin/sh;
			shellScript = "\"${SRCROOT}/Pods/Target Support Files/Pods-HackCWRUTests/Pods-HackCWRUTests-frameworks.sh\"\n";
			showEnvVarsInLog = 0;
		};
		4514990308F82D5378C4A288 /* [CP] Embed Pods Frameworks */ = {
			isa = PBXShellScriptBuildPhase;
			buildActionMask = 2147483647;
			files = (
			);
			inputPaths = (
			);
			name = "[CP] Embed Pods Frameworks";
			outputPaths = (
			);
			runOnlyForDeploymentPostprocessing = 0;
			shellPath = /bin/sh;
			shellScript = "\"${SRCROOT}/Pods/Target Support Files/Pods-HackCWRU/Pods-HackCWRU-frameworks.sh\"\n";
			showEnvVarsInLog = 0;
		};
		AC0B542D17C3A39A329009DF /* [CP] Check Pods Manifest.lock */ = {
			isa = PBXShellScriptBuildPhase;
			buildActionMask = 2147483647;
			files = (
			);
			inputPaths = (
			);
			name = "[CP] Check Pods Manifest.lock";
			outputPaths = (
			);
			runOnlyForDeploymentPostprocessing = 0;
			shellPath = /bin/sh;
			shellScript = "diff \"${PODS_ROOT}/../Podfile.lock\" \"${PODS_ROOT}/Manifest.lock\" > /dev/null\nif [ $? != 0 ] ; then\n    # print error to STDERR\n    echo \"error: The sandbox is not in sync with the Podfile.lock. Run 'pod install' or update your CocoaPods installation.\" >&2\n    exit 1\nfi\n";
			showEnvVarsInLog = 0;
		};
		B99C164822F4CA76E258CD3F /* [CP] Copy Pods Resources */ = {
			isa = PBXShellScriptBuildPhase;
			buildActionMask = 2147483647;
			files = (
			);
			inputPaths = (
			);
			name = "[CP] Copy Pods Resources";
			outputPaths = (
			);
			runOnlyForDeploymentPostprocessing = 0;
			shellPath = /bin/sh;
			shellScript = "\"${SRCROOT}/Pods/Target Support Files/Pods-HackCWRUUITests/Pods-HackCWRUUITests-resources.sh\"\n";
			showEnvVarsInLog = 0;
		};
		C00F76BE7C63723D6A74538C /* [CP] Check Pods Manifest.lock */ = {
			isa = PBXShellScriptBuildPhase;
			buildActionMask = 2147483647;
			files = (
			);
			inputPaths = (
			);
			name = "[CP] Check Pods Manifest.lock";
			outputPaths = (
			);
			runOnlyForDeploymentPostprocessing = 0;
			shellPath = /bin/sh;
			shellScript = "diff \"${PODS_ROOT}/../Podfile.lock\" \"${PODS_ROOT}/Manifest.lock\" > /dev/null\nif [ $? != 0 ] ; then\n    # print error to STDERR\n    echo \"error: The sandbox is not in sync with the Podfile.lock. Run 'pod install' or update your CocoaPods installation.\" >&2\n    exit 1\nfi\n";
			showEnvVarsInLog = 0;
		};
		C6AFBB39135B60C149588C7A /* [CP] Check Pods Manifest.lock */ = {
			isa = PBXShellScriptBuildPhase;
			buildActionMask = 2147483647;
			files = (
			);
			inputPaths = (
			);
			name = "[CP] Check Pods Manifest.lock";
			outputPaths = (
			);
			runOnlyForDeploymentPostprocessing = 0;
			shellPath = /bin/sh;
			shellScript = "diff \"${PODS_ROOT}/../Podfile.lock\" \"${PODS_ROOT}/Manifest.lock\" > /dev/null\nif [ $? != 0 ] ; then\n    # print error to STDERR\n    echo \"error: The sandbox is not in sync with the Podfile.lock. Run 'pod install' or update your CocoaPods installation.\" >&2\n    exit 1\nfi\n";
			showEnvVarsInLog = 0;
		};
		CAD7CE0EF07BC0628C30F2B7 /* [CP] Copy Pods Resources */ = {
			isa = PBXShellScriptBuildPhase;
			buildActionMask = 2147483647;
			files = (
			);
			inputPaths = (
			);
			name = "[CP] Copy Pods Resources";
			outputPaths = (
			);
			runOnlyForDeploymentPostprocessing = 0;
			shellPath = /bin/sh;
			shellScript = "\"${SRCROOT}/Pods/Target Support Files/Pods-HackCWRU/Pods-HackCWRU-resources.sh\"\n";
			showEnvVarsInLog = 0;
		};
/* End PBXShellScriptBuildPhase section */

/* Begin PBXSourcesBuildPhase section */
		040647E21E18A002003E480F /* Sources */ = {
			isa = PBXSourcesBuildPhase;
			buildActionMask = 2147483647;
			files = (
				04C5F83C1E201710007F704D /* AnnouncementsTableViewController.swift in Sources */,
				04C5F8311E1EBBCE007F704D /* EventTimeLocationCellCell.swift in Sources */,
				040647F21E18A002003E480F /* HackCWRU.xcdatamodeld in Sources */,
				04C5F8401E204474007F704D /* AnnouncementCell.swift in Sources */,
				04C5F82F1E1EB89E007F704D /* EventDescriptionCell.swift in Sources */,
				04C5F82D1E1EB467007F704D /* EventNameCell.swift in Sources */,
				04B2189A1E9AB39100FBB7E9 /* MentorRequest.swift in Sources */,
				04B2189E1E9AB8F500FBB7E9 /* HackCWRUDefaults.swift in Sources */,
				04D553691E931C8C0081C648 /* MapImageCell.swift in Sources */,
				04C5F83A1E201531007F704D /* Announcement.swift in Sources */,
				04B218A21E9AC44C00FBB7E9 /* MentorRequestsTableViewController.swift in Sources */,
				04B218A41E9AC7A100FBB7E9 /* DateExtensions.swift in Sources */,
				0495C2D71E1B0ED0003C8CE7 /* API.swift in Sources */,
				0495C2DF1E1B1D04003C8CE7 /* ManagedObject.swift in Sources */,
				04D553671E9318A60081C648 /* Map.swift in Sources */,
				049D30FB1E1DB99F007DE948 /* EventDetailViewController.swift in Sources */,
				0495C2D91E1B11FA003C8CE7 /* APIKeys.swift in Sources */,
				04C5F8381E1FFDE4007F704D /* Colors.swift in Sources */,
				049D30F71E1C44D8007DE948 /* ScheduleTableViewController.swift in Sources */,
				04C5F83E1E203E7B007F704D /* EventCell.swift in Sources */,
				049D30F91E1D9FDD007DE948 /* Validatable.swift in Sources */,
				04C5F8431E205441007F704D /* TableViewControllerExtension.swift in Sources */,
				0495C2E11E1B1D6E003C8CE7 /* Event.swift in Sources */,
				04B218981E9AA2F400FBB7E9 /* UTCDate.swift in Sources */,
				04B218A61E9ACEBD00FBB7E9 /* ArrayExtensions.swift in Sources */,
				040647EA1E18A002003E480F /* AppDelegate.swift in Sources */,
			);
			runOnlyForDeploymentPostprocessing = 0;
		};
		040647F91E18A002003E480F /* Sources */ = {
			isa = PBXSourcesBuildPhase;
			buildActionMask = 2147483647;
			files = (
				040648021E18A002003E480F /* HackCWRUTests.swift in Sources */,
			);
			runOnlyForDeploymentPostprocessing = 0;
		};
		040648041E18A002003E480F /* Sources */ = {
			isa = PBXSourcesBuildPhase;
			buildActionMask = 2147483647;
			files = (
				0406480D1E18A002003E480F /* HackCWRUUITests.swift in Sources */,
			);
			runOnlyForDeploymentPostprocessing = 0;
		};
/* End PBXSourcesBuildPhase section */

/* Begin PBXTargetDependency section */
		040647FF1E18A002003E480F /* PBXTargetDependency */ = {
			isa = PBXTargetDependency;
			target = 040647E51E18A002003E480F /* HackCWRU */;
			targetProxy = 040647FE1E18A002003E480F /* PBXContainerItemProxy */;
		};
		0406480A1E18A002003E480F /* PBXTargetDependency */ = {
			isa = PBXTargetDependency;
			target = 040647E51E18A002003E480F /* HackCWRU */;
			targetProxy = 040648091E18A002003E480F /* PBXContainerItemProxy */;
		};
/* End PBXTargetDependency section */

/* Begin PBXVariantGroup section */
		040647ED1E18A002003E480F /* Main.storyboard */ = {
			isa = PBXVariantGroup;
			children = (
				040647EE1E18A002003E480F /* Base */,
			);
			name = Main.storyboard;
			sourceTree = "<group>";
		};
		040647F51E18A002003E480F /* LaunchScreen.storyboard */ = {
			isa = PBXVariantGroup;
			children = (
				040647F61E18A002003E480F /* Base */,
			);
			name = LaunchScreen.storyboard;
			sourceTree = "<group>";
		};
/* End PBXVariantGroup section */

/* Begin XCBuildConfiguration section */
		0406480F1E18A002003E480F /* Debug */ = {
			isa = XCBuildConfiguration;
			buildSettings = {
				ALWAYS_SEARCH_USER_PATHS = NO;
				CLANG_ANALYZER_NONNULL = YES;
				CLANG_CXX_LANGUAGE_STANDARD = "gnu++0x";
				CLANG_CXX_LIBRARY = "libc++";
				CLANG_ENABLE_MODULES = YES;
				CLANG_ENABLE_OBJC_ARC = YES;
				CLANG_WARN_BOOL_CONVERSION = YES;
				CLANG_WARN_CONSTANT_CONVERSION = YES;
				CLANG_WARN_DIRECT_OBJC_ISA_USAGE = YES_ERROR;
				CLANG_WARN_DOCUMENTATION_COMMENTS = YES;
				CLANG_WARN_EMPTY_BODY = YES;
				CLANG_WARN_ENUM_CONVERSION = YES;
				CLANG_WARN_INFINITE_RECURSION = YES;
				CLANG_WARN_INT_CONVERSION = YES;
				CLANG_WARN_OBJC_ROOT_CLASS = YES_ERROR;
				CLANG_WARN_SUSPICIOUS_MOVE = YES;
				CLANG_WARN_UNREACHABLE_CODE = YES;
				CLANG_WARN__DUPLICATE_METHOD_MATCH = YES;
				"CODE_SIGN_IDENTITY[sdk=iphoneos*]" = "iPhone Developer";
				COPY_PHASE_STRIP = NO;
				DEBUG_INFORMATION_FORMAT = dwarf;
				ENABLE_STRICT_OBJC_MSGSEND = YES;
				ENABLE_TESTABILITY = YES;
				GCC_C_LANGUAGE_STANDARD = gnu99;
				GCC_DYNAMIC_NO_PIC = NO;
				GCC_NO_COMMON_BLOCKS = YES;
				GCC_OPTIMIZATION_LEVEL = 0;
				GCC_PREPROCESSOR_DEFINITIONS = (
					"DEBUG=1",
					"$(inherited)",
				);
				GCC_WARN_64_TO_32_BIT_CONVERSION = YES;
				GCC_WARN_ABOUT_RETURN_TYPE = YES_ERROR;
				GCC_WARN_UNDECLARED_SELECTOR = YES;
				GCC_WARN_UNINITIALIZED_AUTOS = YES_AGGRESSIVE;
				GCC_WARN_UNUSED_FUNCTION = YES;
				GCC_WARN_UNUSED_VARIABLE = YES;
				IPHONEOS_DEPLOYMENT_TARGET = 10.0;
				MTL_ENABLE_DEBUG_INFO = YES;
				ONLY_ACTIVE_ARCH = YES;
				SDKROOT = iphoneos;
				SWIFT_ACTIVE_COMPILATION_CONDITIONS = DEBUG;
				SWIFT_OPTIMIZATION_LEVEL = "-Onone";
			};
			name = Debug;
		};
		040648101E18A002003E480F /* Release */ = {
			isa = XCBuildConfiguration;
			buildSettings = {
				ALWAYS_SEARCH_USER_PATHS = NO;
				CLANG_ANALYZER_NONNULL = YES;
				CLANG_CXX_LANGUAGE_STANDARD = "gnu++0x";
				CLANG_CXX_LIBRARY = "libc++";
				CLANG_ENABLE_MODULES = YES;
				CLANG_ENABLE_OBJC_ARC = YES;
				CLANG_WARN_BOOL_CONVERSION = YES;
				CLANG_WARN_CONSTANT_CONVERSION = YES;
				CLANG_WARN_DIRECT_OBJC_ISA_USAGE = YES_ERROR;
				CLANG_WARN_DOCUMENTATION_COMMENTS = YES;
				CLANG_WARN_EMPTY_BODY = YES;
				CLANG_WARN_ENUM_CONVERSION = YES;
				CLANG_WARN_INFINITE_RECURSION = YES;
				CLANG_WARN_INT_CONVERSION = YES;
				CLANG_WARN_OBJC_ROOT_CLASS = YES_ERROR;
				CLANG_WARN_SUSPICIOUS_MOVE = YES;
				CLANG_WARN_UNREACHABLE_CODE = YES;
				CLANG_WARN__DUPLICATE_METHOD_MATCH = YES;
				"CODE_SIGN_IDENTITY[sdk=iphoneos*]" = "iPhone Developer";
				COPY_PHASE_STRIP = NO;
				DEBUG_INFORMATION_FORMAT = "dwarf-with-dsym";
				ENABLE_NS_ASSERTIONS = NO;
				ENABLE_STRICT_OBJC_MSGSEND = YES;
				GCC_C_LANGUAGE_STANDARD = gnu99;
				GCC_NO_COMMON_BLOCKS = YES;
				GCC_WARN_64_TO_32_BIT_CONVERSION = YES;
				GCC_WARN_ABOUT_RETURN_TYPE = YES_ERROR;
				GCC_WARN_UNDECLARED_SELECTOR = YES;
				GCC_WARN_UNINITIALIZED_AUTOS = YES_AGGRESSIVE;
				GCC_WARN_UNUSED_FUNCTION = YES;
				GCC_WARN_UNUSED_VARIABLE = YES;
				IPHONEOS_DEPLOYMENT_TARGET = 10.0;
				MTL_ENABLE_DEBUG_INFO = NO;
				SDKROOT = iphoneos;
				SWIFT_OPTIMIZATION_LEVEL = "-Owholemodule";
				VALIDATE_PRODUCT = YES;
			};
			name = Release;
		};
		040648121E18A002003E480F /* Debug */ = {
			isa = XCBuildConfiguration;
			baseConfigurationReference = 69E43D2632AE1B6199E6F63A /* Pods-HackCWRU.debug.xcconfig */;
			buildSettings = {
				ALWAYS_EMBED_SWIFT_STANDARD_LIBRARIES = YES;
				ASSETCATALOG_COMPILER_APPICON_NAME = AppIcon;
				CODE_SIGN_ENTITLEMENTS = HackCWRU/HackCWRU.entitlements;
				"CODE_SIGN_IDENTITY[sdk=iphoneos*]" = "iPhone Developer";
				DEVELOPMENT_TEAM = LVFKAL5KFM;
				INFOPLIST_FILE = HackCWRU/Info.plist;
				IPHONEOS_DEPLOYMENT_TARGET = 10.0;
				LD_RUNPATH_SEARCH_PATHS = "$(inherited) @executable_path/Frameworks";
				PRODUCT_BUNDLE_IDENTIFIER = edu.cwru.hack.HackCWRU;
				PRODUCT_NAME = "$(TARGET_NAME)";
				SWIFT_VERSION = 3.0;
			};
			name = Debug;
		};
		040648131E18A002003E480F /* Release */ = {
			isa = XCBuildConfiguration;
			baseConfigurationReference = DA9AB86168590787A4CDC6B4 /* Pods-HackCWRU.release.xcconfig */;
			buildSettings = {
				ALWAYS_EMBED_SWIFT_STANDARD_LIBRARIES = YES;
				ASSETCATALOG_COMPILER_APPICON_NAME = AppIcon;
				CODE_SIGN_ENTITLEMENTS = HackCWRU/HackCWRU.entitlements;
				"CODE_SIGN_IDENTITY[sdk=iphoneos*]" = "iPhone Developer";
				DEVELOPMENT_TEAM = LVFKAL5KFM;
				INFOPLIST_FILE = HackCWRU/Info.plist;
				IPHONEOS_DEPLOYMENT_TARGET = 10.0;
				LD_RUNPATH_SEARCH_PATHS = "$(inherited) @executable_path/Frameworks";
				PRODUCT_BUNDLE_IDENTIFIER = edu.cwru.hack.HackCWRU;
				PRODUCT_NAME = "$(TARGET_NAME)";
				SWIFT_VERSION = 3.0;
			};
			name = Release;
		};
		040648151E18A002003E480F /* Debug */ = {
			isa = XCBuildConfiguration;
			baseConfigurationReference = B64E9ED5646B89EFD2E06390 /* Pods-HackCWRUTests.debug.xcconfig */;
			buildSettings = {
				ALWAYS_EMBED_SWIFT_STANDARD_LIBRARIES = YES;
				BUNDLE_LOADER = "$(TEST_HOST)";
				INFOPLIST_FILE = HackCWRUTests/Info.plist;
				LD_RUNPATH_SEARCH_PATHS = "$(inherited) @executable_path/Frameworks @loader_path/Frameworks";
				PRODUCT_BUNDLE_IDENTIFIER = edu.cwru.hack.HackCWRUTests;
				PRODUCT_NAME = "$(TARGET_NAME)";
				SWIFT_VERSION = 3.0;
				TEST_HOST = "$(BUILT_PRODUCTS_DIR)/HackCWRU.app/HackCWRU";
			};
			name = Debug;
		};
		040648161E18A002003E480F /* Release */ = {
			isa = XCBuildConfiguration;
			baseConfigurationReference = 8648C5212254393C6562AB90 /* Pods-HackCWRUTests.release.xcconfig */;
			buildSettings = {
				ALWAYS_EMBED_SWIFT_STANDARD_LIBRARIES = YES;
				BUNDLE_LOADER = "$(TEST_HOST)";
				INFOPLIST_FILE = HackCWRUTests/Info.plist;
				LD_RUNPATH_SEARCH_PATHS = "$(inherited) @executable_path/Frameworks @loader_path/Frameworks";
				PRODUCT_BUNDLE_IDENTIFIER = edu.cwru.hack.HackCWRUTests;
				PRODUCT_NAME = "$(TARGET_NAME)";
				SWIFT_VERSION = 3.0;
				TEST_HOST = "$(BUILT_PRODUCTS_DIR)/HackCWRU.app/HackCWRU";
			};
			name = Release;
		};
		040648181E18A002003E480F /* Debug */ = {
			isa = XCBuildConfiguration;
			baseConfigurationReference = 60D4C483F8DC38BC820ACE05 /* Pods-HackCWRUUITests.debug.xcconfig */;
			buildSettings = {
				ALWAYS_EMBED_SWIFT_STANDARD_LIBRARIES = YES;
				INFOPLIST_FILE = HackCWRUUITests/Info.plist;
				LD_RUNPATH_SEARCH_PATHS = "$(inherited) @executable_path/Frameworks @loader_path/Frameworks";
				PRODUCT_BUNDLE_IDENTIFIER = edu.cwru.hack.HackCWRUUITests;
				PRODUCT_NAME = "$(TARGET_NAME)";
				SWIFT_VERSION = 3.0;
				TEST_TARGET_NAME = HackCWRU;
			};
			name = Debug;
		};
		040648191E18A002003E480F /* Release */ = {
			isa = XCBuildConfiguration;
			baseConfigurationReference = 8922C114322CA08278BE80FF /* Pods-HackCWRUUITests.release.xcconfig */;
			buildSettings = {
				ALWAYS_EMBED_SWIFT_STANDARD_LIBRARIES = YES;
				INFOPLIST_FILE = HackCWRUUITests/Info.plist;
				LD_RUNPATH_SEARCH_PATHS = "$(inherited) @executable_path/Frameworks @loader_path/Frameworks";
				PRODUCT_BUNDLE_IDENTIFIER = edu.cwru.hack.HackCWRUUITests;
				PRODUCT_NAME = "$(TARGET_NAME)";
				SWIFT_VERSION = 3.0;
				TEST_TARGET_NAME = HackCWRU;
			};
			name = Release;
		};
/* End XCBuildConfiguration section */

/* Begin XCConfigurationList section */
		040647E11E18A002003E480F /* Build configuration list for PBXProject "HackCWRU" */ = {
			isa = XCConfigurationList;
			buildConfigurations = (
				0406480F1E18A002003E480F /* Debug */,
				040648101E18A002003E480F /* Release */,
			);
			defaultConfigurationIsVisible = 0;
			defaultConfigurationName = Release;
		};
		040648111E18A002003E480F /* Build configuration list for PBXNativeTarget "HackCWRU" */ = {
			isa = XCConfigurationList;
			buildConfigurations = (
				040648121E18A002003E480F /* Debug */,
				040648131E18A002003E480F /* Release */,
			);
			defaultConfigurationIsVisible = 0;
			defaultConfigurationName = Release;
		};
		040648141E18A002003E480F /* Build configuration list for PBXNativeTarget "HackCWRUTests" */ = {
			isa = XCConfigurationList;
			buildConfigurations = (
				040648151E18A002003E480F /* Debug */,
				040648161E18A002003E480F /* Release */,
			);
			defaultConfigurationIsVisible = 0;
			defaultConfigurationName = Release;
		};
		040648171E18A002003E480F /* Build configuration list for PBXNativeTarget "HackCWRUUITests" */ = {
			isa = XCConfigurationList;
			buildConfigurations = (
				040648181E18A002003E480F /* Debug */,
				040648191E18A002003E480F /* Release */,
			);
			defaultConfigurationIsVisible = 0;
			defaultConfigurationName = Release;
		};
/* End XCConfigurationList section */

/* Begin XCVersionGroup section */
		040647F01E18A002003E480F /* HackCWRU.xcdatamodeld */ = {
			isa = XCVersionGroup;
			children = (
				040647F11E18A002003E480F /* HackCWRU.xcdatamodel */,
			);
			currentVersion = 040647F11E18A002003E480F /* HackCWRU.xcdatamodel */;
			path = HackCWRU.xcdatamodeld;
			sourceTree = "<group>";
			versionGroupType = wrapper.xcdatamodel;
		};
/* End XCVersionGroup section */
	};
	rootObject = 040647DE1E18A002003E480F /* Project object */;
}
